
Microsoft Visual Studio Solution File, Format Version 12.00
# Visual Studio Version 16
VisualStudioVersion = 16.0.29215.179
MinimumVisualStudioVersion = 10.0.40219.1
Project("{FAE04EC0-301F-11D3-BF4B-00C04F79EFBC}") = "Foodspotting", "Foodspotting\Foodspotting.csproj", "{CF84AEAB-A6E9-445F-93BF-15587CF14958}"
EndProject
Global
	GlobalSection(SolutionConfigurationPlatforms) = preSolution
		Debug|Any CPU = Debug|Any CPU
		Release|Any CPU = Release|Any CPU
	EndGlobalSection
	GlobalSection(ProjectConfigurationPlatforms) = postSolution
		{CF84AEAB-A6E9-445F-93BF-15587CF14958}.Debug|Any CPU.ActiveCfg = Debug|Any CPU
		{CF84AEAB-A6E9-445F-93BF-15587CF14958}.Debug|Any CPU.Build.0 = Debug|Any CPU
		{CF84AEAB-A6E9-445F-93BF-15587CF14958}.Release|Any CPU.ActiveCfg = Release|Any CPU
		{CF84AEAB-A6E9-445F-93BF-15587CF14958}.Release|Any CPU.Build.0 = Release|Any CPU
	EndGlobalSection
	GlobalSection(SolutionProperties) = preSolution
		HideSolutionNode = FALSE
	EndGlobalSection
	GlobalSection(ExtensibilityGlobals) = postSolution
		SolutionGuid = {D82FE7F5-F4C1-4407-886C-0209D520AB55}
	EndGlobalSection
EndGlobal
